
Microsoft Visual Studio Solution File, Format Version 12.00
# Visual Studio 15
VisualStudioVersion = 15.0.27004.2009
MinimumVisualStudioVersion = 10.0.40219.1
Project("{2150E333-8FDC-42A3-9474-1A3956D46DE8}") = "Domain", "Domain", "{74078CE9-F448-45AD-B93F-B1F2DABA5918}"
EndProject
Project("{2150E333-8FDC-42A3-9474-1A3956D46DE8}") = "Helpers", "Helpers", "{6746CC62-3C4E-4885-B430-827E9DE31F63}"
EndProject
Project("{FAE04EC0-301F-11D3-BF4B-00C04F79EFBC}") = "CopaFilmes.Helpers", "CopaFilmes.Helpers\CopaFilmes.Helpers.csproj", "{21675DDC-A9E1-49D9-A61C-9C759F8D0F24}"
EndProject
Project("{FAE04EC0-301F-11D3-BF4B-00C04F79EFBC}") = "CopaFilmes.Helpers.Tests", "CopaFilmes.Helpers.Tests\CopaFilmes.Helpers.Tests.csproj", "{E7A344D2-67D5-45C6-953F-E0EFAD3899CC}"
EndProject
Project("{FAE04EC0-301F-11D3-BF4B-00C04F79EFBC}") = "CopaFilmes.Domain.Tests", "CopaFilmes.Domain.Tests\CopaFilmes.Domain.Tests.csproj", "{CCAC7AE6-5F2D-4AAD-BA55-EA1289BE05D4}"
EndProject
Project("{2150E333-8FDC-42A3-9474-1A3956D46DE8}") = "UI", "UI", "{524B1B92-1598-46F9-84DF-B261E91D6EF5}"
EndProject
Project("{FAE04EC0-301F-11D3-BF4B-00C04F79EFBC}") = "CopaFilmes.Web", "CopaFilmes.Web\CopaFilmes.Web.csproj", "{B187FB35-C39A-4C62-AFC5-51B082AE4E00}"
EndProject
Project("{FAE04EC0-301F-11D3-BF4B-00C04F79EFBC}") = "CopaFilmes.Web.Tests", "CopaFilmes.Web.Tests\CopaFilmes.Web.Tests.csproj", "{CA89068E-43B4-4D52-8881-22DE9242F0B4}"
EndProject
Project("{2150E333-8FDC-42A3-9474-1A3956D46DE8}") = "Repositories", "Repositories", "{96374F36-D847-49F8-8817-BDC5DFA1AFA2}"
EndProject
Project("{FAE04EC0-301F-11D3-BF4B-00C04F79EFBC}") = "CopaFilmes.Repositories", "CopaFilmes.Repositories\CopaFilmes.Repositories.csproj", "{07A41FE4-E973-46C8-9541-14C77A6339B6}"
EndProject
Project("{FAE04EC0-301F-11D3-BF4B-00C04F79EFBC}") = "CopaFilmes.Repositories.Tests", "CopaFilmes.Repositories.Tests\CopaFilmes.Repositories.Tests.csproj", "{B7AE65DF-05EA-4EAE-951E-84C2395C1AA7}"
EndProject
Project("{FAE04EC0-301F-11D3-BF4B-00C04F79EFBC}") = "CopaFilmes.Domain", "CopaFilmes.Domain\CopaFilmes.Domain.csproj", "{EE7D7214-53CC-4C2D-970D-25D115AD5C0A}"
EndProject
Global
	GlobalSection(SolutionConfigurationPlatforms) = preSolution
		Debug|Any CPU = Debug|Any CPU
		Debug|ARM = Debug|ARM
		Debug|x64 = Debug|x64
		Debug|x86 = Debug|x86
		Release|Any CPU = Release|Any CPU
		Release|ARM = Release|ARM
		Release|x64 = Release|x64
		Release|x86 = Release|x86
	EndGlobalSection
	GlobalSection(ProjectConfigurationPlatforms) = postSolution
		{21675DDC-A9E1-49D9-A61C-9C759F8D0F24}.Debug|Any CPU.ActiveCfg = Debug|Any CPU
		{21675DDC-A9E1-49D9-A61C-9C759F8D0F24}.Debug|Any CPU.Build.0 = Debug|Any CPU
		{21675DDC-A9E1-49D9-A61C-9C759F8D0F24}.Debug|ARM.ActiveCfg = Debug|Any CPU
		{21675DDC-A9E1-49D9-A61C-9C759F8D0F24}.Debug|ARM.Build.0 = Debug|Any CPU
		{21675DDC-A9E1-49D9-A61C-9C759F8D0F24}.Debug|x64.ActiveCfg = Debug|Any CPU
		{21675DDC-A9E1-49D9-A61C-9C759F8D0F24}.Debug|x64.Build.0 = Debug|Any CPU
		{21675DDC-A9E1-49D9-A61C-9C759F8D0F24}.Debug|x86.ActiveCfg = Debug|Any CPU
		{21675DDC-A9E1-49D9-A61C-9C759F8D0F24}.Debug|x86.Build.0 = Debug|Any CPU
		{21675DDC-A9E1-49D9-A61C-9C759F8D0F24}.Release|Any CPU.ActiveCfg = Release|Any CPU
		{21675DDC-A9E1-49D9-A61C-9C759F8D0F24}.Release|Any CPU.Build.0 = Release|Any CPU
		{21675DDC-A9E1-49D9-A61C-9C759F8D0F24}.Release|ARM.ActiveCfg = Release|Any CPU
		{21675DDC-A9E1-49D9-A61C-9C759F8D0F24}.Release|ARM.Build.0 = Release|Any CPU
		{21675DDC-A9E1-49D9-A61C-9C759F8D0F24}.Release|x64.ActiveCfg = Release|Any CPU
		{21675DDC-A9E1-49D9-A61C-9C759F8D0F24}.Release|x64.Build.0 = Release|Any CPU
		{21675DDC-A9E1-49D9-A61C-9C759F8D0F24}.Release|x86.ActiveCfg = Release|Any CPU
		{21675DDC-A9E1-49D9-A61C-9C759F8D0F24}.Release|x86.Build.0 = Release|Any CPU
		{E7A344D2-67D5-45C6-953F-E0EFAD3899CC}.Debug|Any CPU.ActiveCfg = Debug|Any CPU
		{E7A344D2-67D5-45C6-953F-E0EFAD3899CC}.Debug|Any CPU.Build.0 = Debug|Any CPU
		{E7A344D2-67D5-45C6-953F-E0EFAD3899CC}.Debug|ARM.ActiveCfg = Debug|Any CPU
		{E7A344D2-67D5-45C6-953F-E0EFAD3899CC}.Debug|ARM.Build.0 = Debug|Any CPU
		{E7A344D2-67D5-45C6-953F-E0EFAD3899CC}.Debug|x64.ActiveCfg = Debug|Any CPU
		{E7A344D2-67D5-45C6-953F-E0EFAD3899CC}.Debug|x64.Build.0 = Debug|Any CPU
		{E7A344D2-67D5-45C6-953F-E0EFAD3899CC}.Debug|x86.ActiveCfg = Debug|Any CPU
		{E7A344D2-67D5-45C6-953F-E0EFAD3899CC}.Debug|x86.Build.0 = Debug|Any CPU
		{E7A344D2-67D5-45C6-953F-E0EFAD3899CC}.Release|Any CPU.ActiveCfg = Release|Any CPU
		{E7A344D2-67D5-45C6-953F-E0EFAD3899CC}.Release|Any CPU.Build.0 = Release|Any CPU
		{E7A344D2-67D5-45C6-953F-E0EFAD3899CC}.Release|ARM.ActiveCfg = Release|Any CPU
		{E7A344D2-67D5-45C6-953F-E0EFAD3899CC}.Release|ARM.Build.0 = Release|Any CPU
		{E7A344D2-67D5-45C6-953F-E0EFAD3899CC}.Release|x64.ActiveCfg = Release|Any CPU
		{E7A344D2-67D5-45C6-953F-E0EFAD3899CC}.Release|x64.Build.0 = Release|Any CPU
		{E7A344D2-67D5-45C6-953F-E0EFAD3899CC}.Release|x86.ActiveCfg = Release|Any CPU
		{E7A344D2-67D5-45C6-953F-E0EFAD3899CC}.Release|x86.Build.0 = Release|Any CPU
		{CCAC7AE6-5F2D-4AAD-BA55-EA1289BE05D4}.Debug|Any CPU.ActiveCfg = Debug|Any CPU
		{CCAC7AE6-5F2D-4AAD-BA55-EA1289BE05D4}.Debug|Any CPU.Build.0 = Debug|Any CPU
		{CCAC7AE6-5F2D-4AAD-BA55-EA1289BE05D4}.Debug|ARM.ActiveCfg = Debug|Any CPU
		{CCAC7AE6-5F2D-4AAD-BA55-EA1289BE05D4}.Debug|ARM.Build.0 = Debug|Any CPU
		{CCAC7AE6-5F2D-4AAD-BA55-EA1289BE05D4}.Debug|x64.ActiveCfg = Debug|Any CPU
		{CCAC7AE6-5F2D-4AAD-BA55-EA1289BE05D4}.Debug|x64.Build.0 = Debug|Any CPU
		{CCAC7AE6-5F2D-4AAD-BA55-EA1289BE05D4}.Debug|x86.ActiveCfg = Debug|Any CPU
		{CCAC7AE6-5F2D-4AAD-BA55-EA1289BE05D4}.Debug|x86.Build.0 = Debug|Any CPU
		{CCAC7AE6-5F2D-4AAD-BA55-EA1289BE05D4}.Release|Any CPU.ActiveCfg = Release|Any CPU
		{CCAC7AE6-5F2D-4AAD-BA55-EA1289BE05D4}.Release|Any CPU.Build.0 = Release|Any CPU
		{CCAC7AE6-5F2D-4AAD-BA55-EA1289BE05D4}.Release|ARM.ActiveCfg = Release|Any CPU
		{CCAC7AE6-5F2D-4AAD-BA55-EA1289BE05D4}.Release|ARM.Build.0 = Release|Any CPU
		{CCAC7AE6-5F2D-4AAD-BA55-EA1289BE05D4}.Release|x64.ActiveCfg = Release|Any CPU
		{CCAC7AE6-5F2D-4AAD-BA55-EA1289BE05D4}.Release|x64.Build.0 = Release|Any CPU
		{CCAC7AE6-5F2D-4AAD-BA55-EA1289BE05D4}.Release|x86.ActiveCfg = Release|Any CPU
		{CCAC7AE6-5F2D-4AAD-BA55-EA1289BE05D4}.Release|x86.Build.0 = Release|Any CPU
		{B187FB35-C39A-4C62-AFC5-51B082AE4E00}.Debug|Any CPU.ActiveCfg = Debug|Any CPU
		{B187FB35-C39A-4C62-AFC5-51B082AE4E00}.Debug|Any CPU.Build.0 = Debug|Any CPU
		{B187FB35-C39A-4C62-AFC5-51B082AE4E00}.Debug|ARM.ActiveCfg = Debug|Any CPU
		{B187FB35-C39A-4C62-AFC5-51B082AE4E00}.Debug|ARM.Build.0 = Debug|Any CPU
		{B187FB35-C39A-4C62-AFC5-51B082AE4E00}.Debug|x64.ActiveCfg = Debug|Any CPU
		{B187FB35-C39A-4C62-AFC5-51B082AE4E00}.Debug|x64.Build.0 = Debug|Any CPU
		{B187FB35-C39A-4C62-AFC5-51B082AE4E00}.Debug|x86.ActiveCfg = Debug|Any CPU
		{B187FB35-C39A-4C62-AFC5-51B082AE4E00}.Debug|x86.Build.0 = Debug|Any CPU
		{B187FB35-C39A-4C62-AFC5-51B082AE4E00}.Release|Any CPU.ActiveCfg = Release|Any CPU
		{B187FB35-C39A-4C62-AFC5-51B082AE4E00}.Release|Any CPU.Build.0 = Release|Any CPU
		{B187FB35-C39A-4C62-AFC5-51B082AE4E00}.Release|ARM.ActiveCfg = Release|Any CPU
		{B187FB35-C39A-4C62-AFC5-51B082AE4E00}.Release|ARM.Build.0 = Release|Any CPU
		{B187FB35-C39A-4C62-AFC5-51B082AE4E00}.Release|x64.ActiveCfg = Release|Any CPU
		{B187FB35-C39A-4C62-AFC5-51B082AE4E00}.Release|x64.Build.0 = Release|Any CPU
		{B187FB35-C39A-4C62-AFC5-51B082AE4E00}.Release|x86.ActiveCfg = Release|Any CPU
		{B187FB35-C39A-4C62-AFC5-51B082AE4E00}.Release|x86.Build.0 = Release|Any CPU
		{CA89068E-43B4-4D52-8881-22DE9242F0B4}.Debug|Any CPU.ActiveCfg = Debug|Any CPU
		{CA89068E-43B4-4D52-8881-22DE9242F0B4}.Debug|Any CPU.Build.0 = Debug|Any CPU
		{CA89068E-43B4-4D52-8881-22DE9242F0B4}.Debug|ARM.ActiveCfg = Debug|Any CPU
		{CA89068E-43B4-4D52-8881-22DE9242F0B4}.Debug|ARM.Build.0 = Debug|Any CPU
		{CA89068E-43B4-4D52-8881-22DE9242F0B4}.Debug|x64.ActiveCfg = Debug|Any CPU
		{CA89068E-43B4-4D52-8881-22DE9242F0B4}.Debug|x64.Build.0 = Debug|Any CPU
		{CA89068E-43B4-4D52-8881-22DE9242F0B4}.Debug|x86.ActiveCfg = Debug|Any CPU
		{CA89068E-43B4-4D52-8881-22DE9242F0B4}.Debug|x86.Build.0 = Debug|Any CPU
		{CA89068E-43B4-4D52-8881-22DE9242F0B4}.Release|Any CPU.ActiveCfg = Release|Any CPU
		{CA89068E-43B4-4D52-8881-22DE9242F0B4}.Release|Any CPU.Build.0 = Release|Any CPU
		{CA89068E-43B4-4D52-8881-22DE9242F0B4}.Release|ARM.ActiveCfg = Release|Any CPU
		{CA89068E-43B4-4D52-8881-22DE9242F0B4}.Release|ARM.Build.0 = Release|Any CPU
		{CA89068E-43B4-4D52-8881-22DE9242F0B4}.Release|x64.ActiveCfg = Release|Any CPU
		{CA89068E-43B4-4D52-8881-22DE9242F0B4}.Release|x64.Build.0 = Release|Any CPU
		{CA89068E-43B4-4D52-8881-22DE9242F0B4}.Release|x86.ActiveCfg = Release|Any CPU
		{CA89068E-43B4-4D52-8881-22DE9242F0B4}.Release|x86.Build.0 = Release|Any CPU
		{07A41FE4-E973-46C8-9541-14C77A6339B6}.Debug|Any CPU.ActiveCfg = Debug|Any CPU
		{07A41FE4-E973-46C8-9541-14C77A6339B6}.Debug|Any CPU.Build.0 = Debug|Any CPU
		{07A41FE4-E973-46C8-9541-14C77A6339B6}.Debug|ARM.ActiveCfg = Debug|Any CPU
		{07A41FE4-E973-46C8-9541-14C77A6339B6}.Debug|ARM.Build.0 = Debug|Any CPU
		{07A41FE4-E973-46C8-9541-14C77A6339B6}.Debug|x64.ActiveCfg = Debug|Any CPU
		{07A41FE4-E973-46C8-9541-14C77A6339B6}.Debug|x64.Build.0 = Debug|Any CPU
		{07A41FE4-E973-46C8-9541-14C77A6339B6}.Debug|x86.ActiveCfg = Debug|Any CPU
		{07A41FE4-E973-46C8-9541-14C77A6339B6}.Debug|x86.Build.0 = Debug|Any CPU
		{07A41FE4-E973-46C8-9541-14C77A6339B6}.Release|Any CPU.ActiveCfg = Release|Any CPU
		{07A41FE4-E973-46C8-9541-14C77A6339B6}.Release|Any CPU.Build.0 = Release|Any CPU
		{07A41FE4-E973-46C8-9541-14C77A6339B6}.Release|ARM.ActiveCfg = Release|Any CPU
		{07A41FE4-E973-46C8-9541-14C77A6339B6}.Release|ARM.Build.0 = Release|Any CPU
		{07A41FE4-E973-46C8-9541-14C77A6339B6}.Release|x64.ActiveCfg = Release|Any CPU
		{07A41FE4-E973-46C8-9541-14C77A6339B6}.Release|x64.Build.0 = Release|Any CPU
		{07A41FE4-E973-46C8-9541-14C77A6339B6}.Release|x86.ActiveCfg = Release|Any CPU
		{07A41FE4-E973-46C8-9541-14C77A6339B6}.Release|x86.Build.0 = Release|Any CPU
		{B7AE65DF-05EA-4EAE-951E-84C2395C1AA7}.Debug|Any CPU.ActiveCfg = Debug|Any CPU
		{B7AE65DF-05EA-4EAE-951E-84C2395C1AA7}.Debug|Any CPU.Build.0 = Debug|Any CPU
		{B7AE65DF-05EA-4EAE-951E-84C2395C1AA7}.Debug|ARM.ActiveCfg = Debug|Any CPU
		{B7AE65DF-05EA-4EAE-951E-84C2395C1AA7}.Debug|ARM.Build.0 = Debug|Any CPU
		{B7AE65DF-05EA-4EAE-951E-84C2395C1AA7}.Debug|x64.ActiveCfg = Debug|Any CPU
		{B7AE65DF-05EA-4EAE-951E-84C2395C1AA7}.Debug|x64.Build.0 = Debug|Any CPU
		{B7AE65DF-05EA-4EAE-951E-84C2395C1AA7}.Debug|x86.ActiveCfg = Debug|Any CPU
		{B7AE65DF-05EA-4EAE-951E-84C2395C1AA7}.Debug|x86.Build.0 = Debug|Any CPU
		{B7AE65DF-05EA-4EAE-951E-84C2395C1AA7}.Release|Any CPU.ActiveCfg = Release|Any CPU
		{B7AE65DF-05EA-4EAE-951E-84C2395C1AA7}.Release|Any CPU.Build.0 = Release|Any CPU
		{B7AE65DF-05EA-4EAE-951E-84C2395C1AA7}.Release|ARM.ActiveCfg = Release|Any CPU
		{B7AE65DF-05EA-4EAE-951E-84C2395C1AA7}.Release|ARM.Build.0 = Release|Any CPU
		{B7AE65DF-05EA-4EAE-951E-84C2395C1AA7}.Release|x64.ActiveCfg = Release|Any CPU
		{B7AE65DF-05EA-4EAE-951E-84C2395C1AA7}.Release|x64.Build.0 = Release|Any CPU
		{B7AE65DF-05EA-4EAE-951E-84C2395C1AA7}.Release|x86.ActiveCfg = Release|Any CPU
		{B7AE65DF-05EA-4EAE-951E-84C2395C1AA7}.Release|x86.Build.0 = Release|Any CPU
		{EE7D7214-53CC-4C2D-970D-25D115AD5C0A}.Debug|Any CPU.ActiveCfg = Debug|Any CPU
		{EE7D7214-53CC-4C2D-970D-25D115AD5C0A}.Debug|Any CPU.Build.0 = Debug|Any CPU
		{EE7D7214-53CC-4C2D-970D-25D115AD5C0A}.Debug|ARM.ActiveCfg = Debug|Any CPU
		{EE7D7214-53CC-4C2D-970D-25D115AD5C0A}.Debug|ARM.Build.0 = Debug|Any CPU
		{EE7D7214-53CC-4C2D-970D-25D115AD5C0A}.Debug|x64.ActiveCfg = Debug|Any CPU
		{EE7D7214-53CC-4C2D-970D-25D115AD5C0A}.Debug|x64.Build.0 = Debug|Any CPU
		{EE7D7214-53CC-4C2D-970D-25D115AD5C0A}.Debug|x86.ActiveCfg = Debug|Any CPU
		{EE7D7214-53CC-4C2D-970D-25D115AD5C0A}.Debug|x86.Build.0 = Debug|Any CPU
		{EE7D7214-53CC-4C2D-970D-25D115AD5C0A}.Release|Any CPU.ActiveCfg = Release|Any CPU
		{EE7D7214-53CC-4C2D-970D-25D115AD5C0A}.Release|Any CPU.Build.0 = Release|Any CPU
		{EE7D7214-53CC-4C2D-970D-25D115AD5C0A}.Release|ARM.ActiveCfg = Release|Any CPU
		{EE7D7214-53CC-4C2D-970D-25D115AD5C0A}.Release|ARM.Build.0 = Release|Any CPU
		{EE7D7214-53CC-4C2D-970D-25D115AD5C0A}.Release|x64.ActiveCfg = Release|Any CPU
		{EE7D7214-53CC-4C2D-970D-25D115AD5C0A}.Release|x64.Build.0 = Release|Any CPU
		{EE7D7214-53CC-4C2D-970D-25D115AD5C0A}.Release|x86.ActiveCfg = Release|Any CPU
		{EE7D7214-53CC-4C2D-970D-25D115AD5C0A}.Release|x86.Build.0 = Release|Any CPU
	EndGlobalSection
	GlobalSection(SolutionProperties) = preSolution
		HideSolutionNode = FALSE
	EndGlobalSection
	GlobalSection(NestedProjects) = preSolution
		{21675DDC-A9E1-49D9-A61C-9C759F8D0F24} = {6746CC62-3C4E-4885-B430-827E9DE31F63}
		{E7A344D2-67D5-45C6-953F-E0EFAD3899CC} = {6746CC62-3C4E-4885-B430-827E9DE31F63}
		{CCAC7AE6-5F2D-4AAD-BA55-EA1289BE05D4} = {74078CE9-F448-45AD-B93F-B1F2DABA5918}
		{B187FB35-C39A-4C62-AFC5-51B082AE4E00} = {524B1B92-1598-46F9-84DF-B261E91D6EF5}
		{CA89068E-43B4-4D52-8881-22DE9242F0B4} = {524B1B92-1598-46F9-84DF-B261E91D6EF5}
		{07A41FE4-E973-46C8-9541-14C77A6339B6} = {96374F36-D847-49F8-8817-BDC5DFA1AFA2}
		{B7AE65DF-05EA-4EAE-951E-84C2395C1AA7} = {96374F36-D847-49F8-8817-BDC5DFA1AFA2}
		{EE7D7214-53CC-4C2D-970D-25D115AD5C0A} = {74078CE9-F448-45AD-B93F-B1F2DABA5918}
	EndGlobalSection
	GlobalSection(ExtensibilityGlobals) = postSolution
		SolutionGuid = {4DE3D24F-106B-4720-8B11-83A9BEAE012F}
	EndGlobalSection
EndGlobal
